
Microsoft Visual Studio Solution File, Format Version 12.00
# Visual Studio 15
VisualStudioVersion = 15.0.28307.329
MinimumVisualStudioVersion = 10.0.40219.1
Project("{8BC9CEB8-8B4A-11D0-8D11-00A0C91BC942}") = "VentaBoletosTeatro", "VentaBoletosTeatro\VentaBoletosTeatro.vcxproj", "{22FD3E88-A19A-4BE7-B4E5-4E64BFC6BDA0}"
EndProject
Global
	GlobalSection(SolutionConfigurationPlatforms) = preSolution
		Debug|x64 = Debug|x64
		Debug|x86 = Debug|x86
		Release|x64 = Release|x64
		Release|x86 = Release|x86
	EndGlobalSection
	GlobalSection(ProjectConfigurationPlatforms) = postSolution
		{22FD3E88-A19A-4BE7-B4E5-4E64BFC6BDA0}.Debug|x64.ActiveCfg = Debug|x64
		{22FD3E88-A19A-4BE7-B4E5-4E64BFC6BDA0}.Debug|x64.Build.0 = Debug|x64
		{22FD3E88-A19A-4BE7-B4E5-4E64BFC6BDA0}.Debug|x86.ActiveCfg = Debug|Win32
		{22FD3E88-A19A-4BE7-B4E5-4E64BFC6BDA0}.Debug|x86.Build.0 = Debug|Win32
		{22FD3E88-A19A-4BE7-B4E5-4E64BFC6BDA0}.Release|x64.ActiveCfg = Release|x64
		{22FD3E88-A19A-4BE7-B4E5-4E64BFC6BDA0}.Release|x64.Build.0 = Release|x64
		{22FD3E88-A19A-4BE7-B4E5-4E64BFC6BDA0}.Release|x86.ActiveCfg = Release|Win32
		{22FD3E88-A19A-4BE7-B4E5-4E64BFC6BDA0}.Release|x86.Build.0 = Release|Win32
	EndGlobalSection
	GlobalSection(SolutionProperties) = preSolution
		HideSolutionNode = FALSE
	EndGlobalSection
	GlobalSection(ExtensibilityGlobals) = postSolution
		SolutionGuid = {7F8E6268-5878-4744-BF4C-B16A70F36D81}
	EndGlobalSection
EndGlobal
